// !$*UTF8*$!
{
	archiveVersion = 1;
	classes = {
	};
	objectVersion = 55;
	objects = {

/* Begin PBXBuildFile section */
		3F6822AB27446FE500912384 /* GoogleService-Info.plist in Resources */ = {isa = PBXBuildFile; fileRef = 3F6822AA27446FE500912384 /* GoogleService-Info.plist */; };
		3FB3DD132746F32500A49794 /* CoinAPI.swift in Sources */ = {isa = PBXBuildFile; fileRef = 3FB3DD122746F32500A49794 /* CoinAPI.swift */; };
		3FB3DD152748425000A49794 /* CoinRates.swift in Sources */ = {isa = PBXBuildFile; fileRef = 3FB3DD142748425000A49794 /* CoinRates.swift */; };
		3FB5A9E6274AF20B0013DED4 /* CoinAssets.swift in Sources */ = {isa = PBXBuildFile; fileRef = 3FB5A9E5274AF20B0013DED4 /* CoinAssets.swift */; };
		3FBC873127443F16006BB059 /* AppDelegate.swift in Sources */ = {isa = PBXBuildFile; fileRef = 3FBC873027443F16006BB059 /* AppDelegate.swift */; };
		3FBC873327443F16006BB059 /* SceneDelegate.swift in Sources */ = {isa = PBXBuildFile; fileRef = 3FBC873227443F16006BB059 /* SceneDelegate.swift */; };
		3FBC873527443F16006BB059 /* ViewController.swift in Sources */ = {isa = PBXBuildFile; fileRef = 3FBC873427443F16006BB059 /* ViewController.swift */; };
		3FBC873827443F16006BB059 /* Main.storyboard in Resources */ = {isa = PBXBuildFile; fileRef = 3FBC873627443F16006BB059 /* Main.storyboard */; };
		3FBC873A27443F1B006BB059 /* Assets.xcassets in Resources */ = {isa = PBXBuildFile; fileRef = 3FBC873927443F1B006BB059 /* Assets.xcassets */; };
		3FBC873D27443F1B006BB059 /* LaunchScreen.storyboard in Resources */ = {isa = PBXBuildFile; fileRef = 3FBC873B27443F1B006BB059 /* LaunchScreen.storyboard */; };
		3FBC874727445655006BB059 /* homeViewController.swift in Sources */ = {isa = PBXBuildFile; fileRef = 3FBC874627445655006BB059 /* homeViewController.swift */; };
		3FBC874927445665006BB059 /* registerViewController.swift in Sources */ = {isa = PBXBuildFile; fileRef = 3FBC874827445665006BB059 /* registerViewController.swift */; };
		3FBC874B27445672006BB059 /* loginViewController.swift in Sources */ = {isa = PBXBuildFile; fileRef = 3FBC874A27445672006BB059 /* loginViewController.swift */; };
		3FBC874D274456A0006BB059 /* watchlistViewController.swift in Sources */ = {isa = PBXBuildFile; fileRef = 3FBC874C274456A0006BB059 /* watchlistViewController.swift */; };
		3FDFDB412749691E009251A7 /* Coin.swift in Sources */ = {isa = PBXBuildFile; fileRef = 3FDFDB402749691E009251A7 /* Coin.swift */; };
		3FF4F93B274B00B500FDA13C /* mainViewController.swift in Sources */ = {isa = PBXBuildFile; fileRef = 3FF4F93A274B00B500FDA13C /* mainViewController.swift */; };
		3FF4F93D274B075200FDA13C /* friendsViewController.swift in Sources */ = {isa = PBXBuildFile; fileRef = 3FF4F93C274B075200FDA13C /* friendsViewController.swift */; };
		3FF4F942274B1B6900FDA13C /* coinTableViewCell.swift in Sources */ = {isa = PBXBuildFile; fileRef = 3FF4F940274B1B6900FDA13C /* coinTableViewCell.swift */; };
		3FF4F943274B1B6900FDA13C /* coinTableViewCell.xib in Resources */ = {isa = PBXBuildFile; fileRef = 3FF4F941274B1B6900FDA13C /* coinTableViewCell.xib */; };
		88912B58FA322DD23250A9FF /* Pods_Kiwi.framework in Frameworks */ = {isa = PBXBuildFile; fileRef = 2EDECF13E3D4CB46E71E6DDD /* Pods_Kiwi.framework */; };
/* End PBXBuildFile section */

/* Begin PBXFileReference section */
		2EDECF13E3D4CB46E71E6DDD /* Pods_Kiwi.framework */ = {isa = PBXFileReference; explicitFileType = wrapper.framework; includeInIndex = 0; path = Pods_Kiwi.framework; sourceTree = BUILT_PRODUCTS_DIR; };
		3F6822AA27446FE500912384 /* GoogleService-Info.plist */ = {isa = PBXFileReference; fileEncoding = 4; lastKnownFileType = text.plist.xml; path = "GoogleService-Info.plist"; sourceTree = "<group>"; };
		3FB3DD122746F32500A49794 /* CoinAPI.swift */ = {isa = PBXFileReference; lastKnownFileType = sourcecode.swift; path = CoinAPI.swift; sourceTree = "<group>"; };
		3FB3DD142748425000A49794 /* CoinRates.swift */ = {isa = PBXFileReference; lastKnownFileType = sourcecode.swift; path = CoinRates.swift; sourceTree = "<group>"; };
		3FB5A9E5274AF20B0013DED4 /* CoinAssets.swift */ = {isa = PBXFileReference; lastKnownFileType = sourcecode.swift; path = CoinAssets.swift; sourceTree = "<group>"; };
		3FBC872D27443F16006BB059 /* Kiwi.app */ = {isa = PBXFileReference; explicitFileType = wrapper.application; includeInIndex = 0; path = Kiwi.app; sourceTree = BUILT_PRODUCTS_DIR; };
		3FBC873027443F16006BB059 /* AppDelegate.swift */ = {isa = PBXFileReference; lastKnownFileType = sourcecode.swift; path = AppDelegate.swift; sourceTree = "<group>"; };
		3FBC873227443F16006BB059 /* SceneDelegate.swift */ = {isa = PBXFileReference; lastKnownFileType = sourcecode.swift; path = SceneDelegate.swift; sourceTree = "<group>"; };
		3FBC873427443F16006BB059 /* ViewController.swift */ = {isa = PBXFileReference; lastKnownFileType = sourcecode.swift; path = ViewController.swift; sourceTree = "<group>"; };
		3FBC873727443F16006BB059 /* Base */ = {isa = PBXFileReference; lastKnownFileType = file.storyboard; name = Base; path = Base.lproj/Main.storyboard; sourceTree = "<group>"; };
		3FBC873927443F1B006BB059 /* Assets.xcassets */ = {isa = PBXFileReference; lastKnownFileType = folder.assetcatalog; path = Assets.xcassets; sourceTree = "<group>"; };
		3FBC873C27443F1B006BB059 /* Base */ = {isa = PBXFileReference; lastKnownFileType = file.storyboard; name = Base; path = Base.lproj/LaunchScreen.storyboard; sourceTree = "<group>"; };
		3FBC873E27443F1B006BB059 /* Info.plist */ = {isa = PBXFileReference; lastKnownFileType = text.plist.xml; path = Info.plist; sourceTree = "<group>"; };
		3FBC874627445655006BB059 /* homeViewController.swift */ = {isa = PBXFileReference; lastKnownFileType = sourcecode.swift; path = homeViewController.swift; sourceTree = "<group>"; };
		3FBC874827445665006BB059 /* registerViewController.swift */ = {isa = PBXFileReference; lastKnownFileType = sourcecode.swift; path = registerViewController.swift; sourceTree = "<group>"; };
		3FBC874A27445672006BB059 /* loginViewController.swift */ = {isa = PBXFileReference; lastKnownFileType = sourcecode.swift; path = loginViewController.swift; sourceTree = "<group>"; };
		3FBC874C274456A0006BB059 /* watchlistViewController.swift */ = {isa = PBXFileReference; lastKnownFileType = sourcecode.swift; path = watchlistViewController.swift; sourceTree = "<group>"; };
		3FDFDB402749691E009251A7 /* Coin.swift */ = {isa = PBXFileReference; lastKnownFileType = sourcecode.swift; path = Coin.swift; sourceTree = "<group>"; };
		3FF4F93A274B00B500FDA13C /* mainViewController.swift */ = {isa = PBXFileReference; lastKnownFileType = sourcecode.swift; path = mainViewController.swift; sourceTree = "<group>"; };
		3FF4F93C274B075200FDA13C /* friendsViewController.swift */ = {isa = PBXFileReference; lastKnownFileType = sourcecode.swift; path = friendsViewController.swift; sourceTree = "<group>"; };
		3FF4F940274B1B6900FDA13C /* coinTableViewCell.swift */ = {isa = PBXFileReference; lastKnownFileType = sourcecode.swift; path = coinTableViewCell.swift; sourceTree = "<group>"; };
		3FF4F941274B1B6900FDA13C /* coinTableViewCell.xib */ = {isa = PBXFileReference; lastKnownFileType = file.xib; path = coinTableViewCell.xib; sourceTree = "<group>"; };
		47156288DC5E22524F7EA5DA /* Pods-Kiwi.debug.xcconfig */ = {isa = PBXFileReference; includeInIndex = 1; lastKnownFileType = text.xcconfig; name = "Pods-Kiwi.debug.xcconfig"; path = "Target Support Files/Pods-Kiwi/Pods-Kiwi.debug.xcconfig"; sourceTree = "<group>"; };
		48C38A44520A59C42F141E4D /* Pods-Kiwi.release.xcconfig */ = {isa = PBXFileReference; includeInIndex = 1; lastKnownFileType = text.xcconfig; name = "Pods-Kiwi.release.xcconfig"; path = "Target Support Files/Pods-Kiwi/Pods-Kiwi.release.xcconfig"; sourceTree = "<group>"; };
/* End PBXFileReference section */

/* Begin PBXFrameworksBuildPhase section */
		3FBC872A27443F16006BB059 /* Frameworks */ = {
			isa = PBXFrameworksBuildPhase;
			buildActionMask = 2147483647;
			files = (
				88912B58FA322DD23250A9FF /* Pods_Kiwi.framework in Frameworks */,
			);
			runOnlyForDeploymentPostprocessing = 0;
		};
/* End PBXFrameworksBuildPhase section */

/* Begin PBXGroup section */
		29740DDD6DD77BB775455ADD /* Frameworks */ = {
			isa = PBXGroup;
			children = (
				2EDECF13E3D4CB46E71E6DDD /* Pods_Kiwi.framework */,
			);
			name = Frameworks;
			sourceTree = "<group>";
		};
		3FB3DD112746F28A00A49794 /* Models */ = {
			isa = PBXGroup;
			children = (
				3FDFDB402749691E009251A7 /* Coin.swift */,
				3FB3DD142748425000A49794 /* CoinRates.swift */,
				3FB5A9E5274AF20B0013DED4 /* CoinAssets.swift */,
				3FB3DD122746F32500A49794 /* CoinAPI.swift */,
				3FF4F940274B1B6900FDA13C /* coinTableViewCell.swift */,
				3FF4F941274B1B6900FDA13C /* coinTableViewCell.xib */,
			);
			name = Models;
			path = ..;
			sourceTree = "<group>";
		};
		3FBC872427443F16006BB059 = {
			isa = PBXGroup;
			children = (
				3FBC872F27443F16006BB059 /* Kiwi */,
				3FBC872E27443F16006BB059 /* Products */,
				C1200F22CC85E6721D346104 /* Pods */,
				29740DDD6DD77BB775455ADD /* Frameworks */,
			);
			sourceTree = "<group>";
		};
		3FBC872E27443F16006BB059 /* Products */ = {
			isa = PBXGroup;
			children = (
				3FBC872D27443F16006BB059 /* Kiwi.app */,
			);
			name = Products;
			sourceTree = "<group>";
		};
		3FBC872F27443F16006BB059 /* Kiwi */ = {
			isa = PBXGroup;
			children = (
				3FBC873027443F16006BB059 /* AppDelegate.swift */,
				3FBC873227443F16006BB059 /* SceneDelegate.swift */,
				3FB3DD112746F28A00A49794 /* Models */,
				3FBC874527443FCE006BB059 /* Controllers */,
				3FBC874427443FC4006BB059 /* Views */,
				3FBC873927443F1B006BB059 /* Assets.xcassets */,
				3FBC873E27443F1B006BB059 /* Info.plist */,
				3F6822AA27446FE500912384 /* GoogleService-Info.plist */,
			);
			path = Kiwi;
			sourceTree = "<group>";
		};
		3FBC874427443FC4006BB059 /* Views */ = {
			isa = PBXGroup;
			children = (
				3FBC873627443F16006BB059 /* Main.storyboard */,
				3FBC873B27443F1B006BB059 /* LaunchScreen.storyboard */,
			);
			path = Views;
			sourceTree = "<group>";
		};
		3FBC874527443FCE006BB059 /* Controllers */ = {
			isa = PBXGroup;
			children = (
				3FBC873427443F16006BB059 /* ViewController.swift */,
				3FBC874627445655006BB059 /* homeViewController.swift */,
				3FBC874827445665006BB059 /* registerViewController.swift */,
				3FBC874A27445672006BB059 /* loginViewController.swift */,
				3FF4F93A274B00B500FDA13C /* mainViewController.swift */,
				3FBC874C274456A0006BB059 /* watchlistViewController.swift */,
				3FF4F93C274B075200FDA13C /* friendsViewController.swift */,
			);
			path = Controllers;
			sourceTree = "<group>";
		};
		C1200F22CC85E6721D346104 /* Pods */ = {
			isa = PBXGroup;
			children = (
				47156288DC5E22524F7EA5DA /* Pods-Kiwi.debug.xcconfig */,
				48C38A44520A59C42F141E4D /* Pods-Kiwi.release.xcconfig */,
			);
			path = Pods;
			sourceTree = "<group>";
		};
/* End PBXGroup section */

/* Begin PBXNativeTarget section */
		3FBC872C27443F16006BB059 /* Kiwi */ = {
			isa = PBXNativeTarget;
			buildConfigurationList = 3FBC874127443F1B006BB059 /* Build configuration list for PBXNativeTarget "Kiwi" */;
			buildPhases = (
				D8D6F83AE203533716051105 /* [CP] Check Pods Manifest.lock */,
				3FBC872927443F16006BB059 /* Sources */,
				3FBC872A27443F16006BB059 /* Frameworks */,
				3FBC872B27443F16006BB059 /* Resources */,
				2DA7C0C86C7A383F60136B32 /* [CP] Embed Pods Frameworks */,
				88EF708986D3341171027BE6 /* [CP] Copy Pods Resources */,
			);
			buildRules = (
			);
			dependencies = (
			);
			name = Kiwi;
			productName = Kiwi;
			productReference = 3FBC872D27443F16006BB059 /* Kiwi.app */;
			productType = "com.apple.product-type.application";
		};
/* End PBXNativeTarget section */

/* Begin PBXProject section */
		3FBC872527443F16006BB059 /* Project object */ = {
			isa = PBXProject;
			attributes = {
				BuildIndependentTargetsInParallel = 1;
				LastSwiftUpdateCheck = 1300;
				LastUpgradeCheck = 1300;
				TargetAttributes = {
					3FBC872C27443F16006BB059 = {
						CreatedOnToolsVersion = 13.0;
					};
				};
			};
			buildConfigurationList = 3FBC872827443F16006BB059 /* Build configuration list for PBXProject "Kiwi" */;
			compatibilityVersion = "Xcode 13.0";
			developmentRegion = en;
			hasScannedForEncodings = 0;
			knownRegions = (
				en,
				Base,
			);
			mainGroup = 3FBC872427443F16006BB059;
			productRefGroup = 3FBC872E27443F16006BB059 /* Products */;
			projectDirPath = "";
			projectRoot = "";
			targets = (
				3FBC872C27443F16006BB059 /* Kiwi */,
			);
		};
/* End PBXProject section */

/* Begin PBXResourcesBuildPhase section */
		3FBC872B27443F16006BB059 /* Resources */ = {
			isa = PBXResourcesBuildPhase;
			buildActionMask = 2147483647;
			files = (
				3FBC873D27443F1B006BB059 /* LaunchScreen.storyboard in Resources */,
				3F6822AB27446FE500912384 /* GoogleService-Info.plist in Resources */,
				3FBC873A27443F1B006BB059 /* Assets.xcassets in Resources */,
				3FBC873827443F16006BB059 /* Main.storyboard in Resources */,
				3FF4F943274B1B6900FDA13C /* coinTableViewCell.xib in Resources */,
			);
			runOnlyForDeploymentPostprocessing = 0;
		};
/* End PBXResourcesBuildPhase section */

/* Begin PBXShellScriptBuildPhase section */
		2DA7C0C86C7A383F60136B32 /* [CP] Embed Pods Frameworks */ = {
			isa = PBXShellScriptBuildPhase;
			buildActionMask = 2147483647;
			files = (
			);
			inputFileListPaths = (
				"${PODS_ROOT}/Target Support Files/Pods-Kiwi/Pods-Kiwi-frameworks-${CONFIGURATION}-input-files.xcfilelist",
			);
			name = "[CP] Embed Pods Frameworks";
			outputFileListPaths = (
				"${PODS_ROOT}/Target Support Files/Pods-Kiwi/Pods-Kiwi-frameworks-${CONFIGURATION}-output-files.xcfilelist",
			);
			runOnlyForDeploymentPostprocessing = 0;
			shellPath = /bin/sh;
			shellScript = "\"${PODS_ROOT}/Target Support Files/Pods-Kiwi/Pods-Kiwi-frameworks.sh\"\n";
			showEnvVarsInLog = 0;
		};
		88EF708986D3341171027BE6 /* [CP] Copy Pods Resources */ = {
			isa = PBXShellScriptBuildPhase;
			buildActionMask = 2147483647;
			files = (
			);
			inputFileListPaths = (
				"${PODS_ROOT}/Target Support Files/Pods-Kiwi/Pods-Kiwi-resources-${CONFIGURATION}-input-files.xcfilelist",
			);
			name = "[CP] Copy Pods Resources";
			outputFileListPaths = (
				"${PODS_ROOT}/Target Support Files/Pods-Kiwi/Pods-Kiwi-resources-${CONFIGURATION}-output-files.xcfilelist",
			);
			runOnlyForDeploymentPostprocessing = 0;
			shellPath = /bin/sh;
			shellScript = "\"${PODS_ROOT}/Target Support Files/Pods-Kiwi/Pods-Kiwi-resources.sh\"\n";
			showEnvVarsInLog = 0;
		};
		D8D6F83AE203533716051105 /* [CP] Check Pods Manifest.lock */ = {
			isa = PBXShellScriptBuildPhase;
			buildActionMask = 2147483647;
			files = (
			);
			inputFileListPaths = (
			);
			inputPaths = (
				"${PODS_PODFILE_DIR_PATH}/Podfile.lock",
				"${PODS_ROOT}/Manifest.lock",
			);
			name = "[CP] Check Pods Manifest.lock";
			outputFileListPaths = (
			);
			outputPaths = (
				"$(DERIVED_FILE_DIR)/Pods-Kiwi-checkManifestLockResult.txt",
			);
			runOnlyForDeploymentPostprocessing = 0;
			shellPath = /bin/sh;
			shellScript = "diff \"${PODS_PODFILE_DIR_PATH}/Podfile.lock\" \"${PODS_ROOT}/Manifest.lock\" > /dev/null\nif [ $? != 0 ] ; then\n    # print error to STDERR\n    echo \"error: The sandbox is not in sync with the Podfile.lock. Run 'pod install' or update your CocoaPods installation.\" >&2\n    exit 1\nfi\n# This output is used by Xcode 'outputs' to avoid re-running this script phase.\necho \"SUCCESS\" > \"${SCRIPT_OUTPUT_FILE_0}\"\n";
			showEnvVarsInLog = 0;
		};
/* End PBXShellScriptBuildPhase section */

/* Begin PBXSourcesBuildPhase section */
		3FBC872927443F16006BB059 /* Sources */ = {
			isa = PBXSourcesBuildPhase;
			buildActionMask = 2147483647;
			files = (
				3FB3DD152748425000A49794 /* CoinRates.swift in Sources */,
				3FBC873527443F16006BB059 /* ViewController.swift in Sources */,
				3FBC873127443F16006BB059 /* AppDelegate.swift in Sources */,
				3FBC874D274456A0006BB059 /* watchlistViewController.swift in Sources */,
				3FF4F942274B1B6900FDA13C /* coinTableViewCell.swift in Sources */,
				3FB3DD132746F32500A49794 /* CoinAPI.swift in Sources */,
				3FF4F93D274B075200FDA13C /* friendsViewController.swift in Sources */,
				3FBC874B27445672006BB059 /* loginViewController.swift in Sources */,
				3FF4F93B274B00B500FDA13C /* mainViewController.swift in Sources */,
				3FBC873327443F16006BB059 /* SceneDelegate.swift in Sources */,
				3FBC874927445665006BB059 /* registerViewController.swift in Sources */,
				3FB5A9E6274AF20B0013DED4 /* CoinAssets.swift in Sources */,
				3FDFDB412749691E009251A7 /* Coin.swift in Sources */,
				3FBC874727445655006BB059 /* homeViewController.swift in Sources */,
			);
			runOnlyForDeploymentPostprocessing = 0;
		};
/* End PBXSourcesBuildPhase section */

/* Begin PBXVariantGroup section */
		3FBC873627443F16006BB059 /* Main.storyboard */ = {
			isa = PBXVariantGroup;
			children = (
				3FBC873727443F16006BB059 /* Base */,
			);
			name = Main.storyboard;
			sourceTree = "<group>";
		};
		3FBC873B27443F1B006BB059 /* LaunchScreen.storyboard */ = {
			isa = PBXVariantGroup;
			children = (
				3FBC873C27443F1B006BB059 /* Base */,
			);
			name = LaunchScreen.storyboard;
			sourceTree = "<group>";
		};
/* End PBXVariantGroup section */

/* Begin XCBuildConfiguration section */
		3FBC873F27443F1B006BB059 /* Debug */ = {
			isa = XCBuildConfiguration;
			buildSettings = {
				ALWAYS_SEARCH_USER_PATHS = NO;
				CLANG_ANALYZER_NONNULL = YES;
				CLANG_ANALYZER_NUMBER_OBJECT_CONVERSION = YES_AGGRESSIVE;
				CLANG_CXX_LANGUAGE_STANDARD = "gnu++17";
				CLANG_CXX_LIBRARY = "libc++";
				CLANG_ENABLE_MODULES = YES;
				CLANG_ENABLE_OBJC_ARC = YES;
				CLANG_ENABLE_OBJC_WEAK = YES;
				CLANG_WARN_BLOCK_CAPTURE_AUTORELEASING = YES;
				CLANG_WARN_BOOL_CONVERSION = YES;
				CLANG_WARN_COMMA = YES;
				CLANG_WARN_CONSTANT_CONVERSION = YES;
				CLANG_WARN_DEPRECATED_OBJC_IMPLEMENTATIONS = YES;
				CLANG_WARN_DIRECT_OBJC_ISA_USAGE = YES_ERROR;
				CLANG_WARN_DOCUMENTATION_COMMENTS = YES;
				CLANG_WARN_EMPTY_BODY = YES;
				CLANG_WARN_ENUM_CONVERSION = YES;
				CLANG_WARN_INFINITE_RECURSION = YES;
				CLANG_WARN_INT_CONVERSION = YES;
				CLANG_WARN_NON_LITERAL_NULL_CONVERSION = YES;
				CLANG_WARN_OBJC_IMPLICIT_RETAIN_SELF = YES;
				CLANG_WARN_OBJC_LITERAL_CONVERSION = YES;
				CLANG_WARN_OBJC_ROOT_CLASS = YES_ERROR;
				CLANG_WARN_QUOTED_INCLUDE_IN_FRAMEWORK_HEADER = YES;
				CLANG_WARN_RANGE_LOOP_ANALYSIS = YES;
				CLANG_WARN_STRICT_PROTOTYPES = YES;
				CLANG_WARN_SUSPICIOUS_MOVE = YES;
				CLANG_WARN_UNGUARDED_AVAILABILITY = YES_AGGRESSIVE;
				CLANG_WARN_UNREACHABLE_CODE = YES;
				CLANG_WARN__DUPLICATE_METHOD_MATCH = YES;
				COPY_PHASE_STRIP = NO;
				DEBUG_INFORMATION_FORMAT = dwarf;
				ENABLE_STRICT_OBJC_MSGSEND = YES;
				ENABLE_TESTABILITY = YES;
				GCC_C_LANGUAGE_STANDARD = gnu11;
				GCC_DYNAMIC_NO_PIC = NO;
				GCC_NO_COMMON_BLOCKS = YES;
				GCC_OPTIMIZATION_LEVEL = 0;
				GCC_PREPROCESSOR_DEFINITIONS = (
					"DEBUG=1",
					"$(inherited)",
				);
				GCC_WARN_64_TO_32_BIT_CONVERSION = YES;
				GCC_WARN_ABOUT_RETURN_TYPE = YES_ERROR;
				GCC_WARN_UNDECLARED_SELECTOR = YES;
				GCC_WARN_UNINITIALIZED_AUTOS = YES_AGGRESSIVE;
				GCC_WARN_UNUSED_FUNCTION = YES;
				GCC_WARN_UNUSED_VARIABLE = YES;
				IPHONEOS_DEPLOYMENT_TARGET = 15.0;
				MTL_ENABLE_DEBUG_INFO = INCLUDE_SOURCE;
				MTL_FAST_MATH = YES;
				ONLY_ACTIVE_ARCH = YES;
				SDKROOT = iphoneos;
				SWIFT_ACTIVE_COMPILATION_CONDITIONS = DEBUG;
				SWIFT_OPTIMIZATION_LEVEL = "-Onone";
			};
			name = Debug;
		};
		3FBC874027443F1B006BB059 /* Release */ = {
			isa = XCBuildConfiguration;
			buildSettings = {
				ALWAYS_SEARCH_USER_PATHS = NO;
				CLANG_ANALYZER_NONNULL = YES;
				CLANG_ANALYZER_NUMBER_OBJECT_CONVERSION = YES_AGGRESSIVE;
				CLANG_CXX_LANGUAGE_STANDARD = "gnu++17";
				CLANG_CXX_LIBRARY = "libc++";
				CLANG_ENABLE_MODULES = YES;
				CLANG_ENABLE_OBJC_ARC = YES;
				CLANG_ENABLE_OBJC_WEAK = YES;
				CLANG_WARN_BLOCK_CAPTURE_AUTORELEASING = YES;
				CLANG_WARN_BOOL_CONVERSION = YES;
				CLANG_WARN_COMMA = YES;
				CLANG_WARN_CONSTANT_CONVERSION = YES;
				CLANG_WARN_DEPRECATED_OBJC_IMPLEMENTATIONS = YES;
				CLANG_WARN_DIRECT_OBJC_ISA_USAGE = YES_ERROR;
				CLANG_WARN_DOCUMENTATION_COMMENTS = YES;
				CLANG_WARN_EMPTY_BODY = YES;
				CLANG_WARN_ENUM_CONVERSION = YES;
				CLANG_WARN_INFINITE_RECURSION = YES;
				CLANG_WARN_INT_CONVERSION = YES;
				CLANG_WARN_NON_LITERAL_NULL_CONVERSION = YES;
				CLANG_WARN_OBJC_IMPLICIT_RETAIN_SELF = YES;
				CLANG_WARN_OBJC_LITERAL_CONVERSION = YES;
				CLANG_WARN_OBJC_ROOT_CLASS = YES_ERROR;
				CLANG_WARN_QUOTED_INCLUDE_IN_FRAMEWORK_HEADER = YES;
				CLANG_WARN_RANGE_LOOP_ANALYSIS = YES;
				CLANG_WARN_STRICT_PROTOTYPES = YES;
				CLANG_WARN_SUSPICIOUS_MOVE = YES;
				CLANG_WARN_UNGUARDED_AVAILABILITY = YES_AGGRESSIVE;
				CLANG_WARN_UNREACHABLE_CODE = YES;
				CLANG_WARN__DUPLICATE_METHOD_MATCH = YES;
				COPY_PHASE_STRIP = NO;
				DEBUG_INFORMATION_FORMAT = "dwarf-with-dsym";
				ENABLE_NS_ASSERTIONS = NO;
				ENABLE_STRICT_OBJC_MSGSEND = YES;
				GCC_C_LANGUAGE_STANDARD = gnu11;
				GCC_NO_COMMON_BLOCKS = YES;
				GCC_WARN_64_TO_32_BIT_CONVERSION = YES;
				GCC_WARN_ABOUT_RETURN_TYPE = YES_ERROR;
				GCC_WARN_UNDECLARED_SELECTOR = YES;
				GCC_WARN_UNINITIALIZED_AUTOS = YES_AGGRESSIVE;
				GCC_WARN_UNUSED_FUNCTION = YES;
				GCC_WARN_UNUSED_VARIABLE = YES;
				IPHONEOS_DEPLOYMENT_TARGET = 15.0;
				MTL_ENABLE_DEBUG_INFO = NO;
				MTL_FAST_MATH = YES;
				SDKROOT = iphoneos;
				SWIFT_COMPILATION_MODE = wholemodule;
				SWIFT_OPTIMIZATION_LEVEL = "-O";
				VALIDATE_PRODUCT = YES;
			};
			name = Release;
		};
		3FBC874227443F1B006BB059 /* Debug */ = {
			isa = XCBuildConfiguration;
			baseConfigurationReference = 47156288DC5E22524F7EA5DA /* Pods-Kiwi.debug.xcconfig */;
			buildSettings = {
				ASSETCATALOG_COMPILER_APPICON_NAME = AppIcon;
				ASSETCATALOG_COMPILER_GLOBAL_ACCENT_COLOR_NAME = AccentColor;
				CODE_SIGN_STYLE = Automatic;
				CURRENT_PROJECT_VERSION = 1;
				GENERATE_INFOPLIST_FILE = YES;
				INFOPLIST_FILE = Kiwi/Info.plist;
				INFOPLIST_KEY_UIApplicationSupportsIndirectInputEvents = YES;
				INFOPLIST_KEY_UILaunchStoryboardName = LaunchScreen;
				INFOPLIST_KEY_UIMainStoryboardFile = Main;
				INFOPLIST_KEY_UISupportedInterfaceOrientations = UIInterfaceOrientationPortrait;
				INFOPLIST_KEY_UISupportedInterfaceOrientations_iPad = "UIInterfaceOrientationPortrait UIInterfaceOrientationPortraitUpsideDown UIInterfaceOrientationLandscapeLeft UIInterfaceOrientationLandscapeRight";
				INFOPLIST_KEY_UISupportedInterfaceOrientations_iPhone = "UIInterfaceOrientationPortrait UIInterfaceOrientationLandscapeLeft UIInterfaceOrientationLandscapeRight";
				LD_RUNPATH_SEARCH_PATHS = (
					"$(inherited)",
					"@executable_path/Frameworks",
				);
				MARKETING_VERSION = 1.0;
				PRODUCT_BUNDLE_IDENTIFIER = edu.duke.cs590.Kiwi;
				PRODUCT_NAME = "$(TARGET_NAME)";
				SWIFT_EMIT_LOC_STRINGS = YES;
				SWIFT_VERSION = 5.0;
				TARGETED_DEVICE_FAMILY = 1;
			};
			name = Debug;
		};
		3FBC874327443F1B006BB059 /* Release */ = {
			isa = XCBuildConfiguration;
			baseConfigurationReference = 48C38A44520A59C42F141E4D /* Pods-Kiwi.release.xcconfig */;
			buildSettings = {
				ASSETCATALOG_COMPILER_APPICON_NAME = AppIcon;
				ASSETCATALOG_COMPILER_GLOBAL_ACCENT_COLOR_NAME = AccentColor;
				CODE_SIGN_STYLE = Automatic;
				CURRENT_PROJECT_VERSION = 1;
				GENERATE_INFOPLIST_FILE = YES;
				INFOPLIST_FILE = Kiwi/Info.plist;
				INFOPLIST_KEY_UIApplicationSupportsIndirectInputEvents = YES;
				INFOPLIST_KEY_UILaunchStoryboardName = LaunchScreen;
				INFOPLIST_KEY_UIMainStoryboardFile = Main;
				INFOPLIST_KEY_UISupportedInterfaceOrientations = UIInterfaceOrientationPortrait;
				INFOPLIST_KEY_UISupportedInterfaceOrientations_iPad = "UIInterfaceOrientationPortrait UIInterfaceOrientationPortraitUpsideDown UIInterfaceOrientationLandscapeLeft UIInterfaceOrientationLandscapeRight";
				INFOPLIST_KEY_UISupportedInterfaceOrientations_iPhone = "UIInterfaceOrientationPortrait UIInterfaceOrientationLandscapeLeft UIInterfaceOrientationLandscapeRight";
				LD_RUNPATH_SEARCH_PATHS = (
					"$(inherited)",
					"@executable_path/Frameworks",
				);
				MARKETING_VERSION = 1.0;
				PRODUCT_BUNDLE_IDENTIFIER = edu.duke.cs590.Kiwi;
				PRODUCT_NAME = "$(TARGET_NAME)";
				SWIFT_EMIT_LOC_STRINGS = YES;
				SWIFT_VERSION = 5.0;
				TARGETED_DEVICE_FAMILY = 1;
			};
			name = Release;
		};
/* End XCBuildConfiguration section */

/* Begin XCConfigurationList section */
		3FBC872827443F16006BB059 /* Build configuration list for PBXProject "Kiwi" */ = {
			isa = XCConfigurationList;
			buildConfigurations = (
				3FBC873F27443F1B006BB059 /* Debug */,
				3FBC874027443F1B006BB059 /* Release */,
			);
			defaultConfigurationIsVisible = 0;
			defaultConfigurationName = Release;
		};
		3FBC874127443F1B006BB059 /* Build configuration list for PBXNativeTarget "Kiwi" */ = {
			isa = XCConfigurationList;
			buildConfigurations = (
				3FBC874227443F1B006BB059 /* Debug */,
				3FBC874327443F1B006BB059 /* Release */,
			);
			defaultConfigurationIsVisible = 0;
			defaultConfigurationName = Release;
		};
/* End XCConfigurationList section */
	};
	rootObject = 3FBC872527443F16006BB059 /* Project object */;
}
